// !$*UTF8*$!
{
	archiveVersion = 1;
	classes = {
	};
	objectVersion = 50;
	objects = {

/* Begin PBXBuildFile section */
		8002CAED2282C1A30041E463 /* util.cpp in Sources */ = {isa = PBXBuildFile; fileRef = 8002CAEB2282C1A30041E463 /* util.cpp */; };
		8019960E22765F2700C15F7D /* ResourcePath.mm in Sources */ = {isa = PBXBuildFile; fileRef = 8019960D22765F2700C15F7D /* ResourcePath.mm */; };
		8019961122765F2700C15F7D /* main.cpp in Sources */ = {isa = PBXBuildFile; fileRef = 8019961022765F2700C15F7D /* main.cpp */; };
		8019961422765F2700C15F7D /* cute_image.jpg in Resources */ = {isa = PBXBuildFile; fileRef = 8019961322765F2700C15F7D /* cute_image.jpg */; };
		8019961622765F2700C15F7D /* nice_music.ogg in Resources */ = {isa = PBXBuildFile; fileRef = 8019961522765F2700C15F7D /* nice_music.ogg */; };
		8019961822765F2700C15F7D /* sansation.ttf in Resources */ = {isa = PBXBuildFile; fileRef = 8019961722765F2700C15F7D /* sansation.ttf */; };
		8019961A22765F2700C15F7D /* icon.png in Resources */ = {isa = PBXBuildFile; fileRef = 8019961922765F2700C15F7D /* icon.png */; };
		8020968E227F4A5F0083FCF5 /* Player.cpp in Sources */ = {isa = PBXBuildFile; fileRef = 8020968C227F4A5F0083FCF5 /* Player.cpp */; };
		80ACC8422279562600948569 /* Group.cpp in Sources */ = {isa = PBXBuildFile; fileRef = 80ACC8412279562600948569 /* Group.cpp */; };
/* End PBXBuildFile section */

/* Begin PBXFileReference section */
		8002CAEB2282C1A30041E463 /* util.cpp */ = {isa = PBXFileReference; lastKnownFileType = sourcecode.cpp.cpp; path = util.cpp; sourceTree = "<group>"; };
		8002CAEC2282C1A30041E463 /* util.hpp */ = {isa = PBXFileReference; lastKnownFileType = sourcecode.cpp.h; path = util.hpp; sourceTree = "<group>"; };
		8019960822765F2700C15F7D /* ungroup_sfml.app */ = {isa = PBXFileReference; explicitFileType = wrapper.application; includeInIndex = 0; path = ungroup_sfml.app; sourceTree = BUILT_PRODUCTS_DIR; };
		8019960C22765F2700C15F7D /* ungroup_sfml-Info.plist */ = {isa = PBXFileReference; lastKnownFileType = text.plist.xml; path = "ungroup_sfml-Info.plist"; sourceTree = "<group>"; };
		8019960D22765F2700C15F7D /* ResourcePath.mm */ = {isa = PBXFileReference; lastKnownFileType = sourcecode.cpp.objcpp; path = ResourcePath.mm; sourceTree = "<group>"; };
		8019960F22765F2700C15F7D /* ResourcePath.hpp */ = {isa = PBXFileReference; lastKnownFileType = sourcecode.cpp.h; path = ResourcePath.hpp; sourceTree = "<group>"; };
		8019961022765F2700C15F7D /* main.cpp */ = {isa = PBXFileReference; lastKnownFileType = sourcecode.cpp.cpp; path = main.cpp; sourceTree = "<group>"; };
		8019961322765F2700C15F7D /* cute_image.jpg */ = {isa = PBXFileReference; lastKnownFileType = image.jpeg; path = cute_image.jpg; sourceTree = "<group>"; };
		8019961522765F2700C15F7D /* nice_music.ogg */ = {isa = PBXFileReference; lastKnownFileType = file; path = nice_music.ogg; sourceTree = "<group>"; };
		8019961722765F2700C15F7D /* sansation.ttf */ = {isa = PBXFileReference; lastKnownFileType = file; path = sansation.ttf; sourceTree = "<group>"; };
		8019961922765F2700C15F7D /* icon.png */ = {isa = PBXFileReference; lastKnownFileType = image.png; path = icon.png; sourceTree = "<group>"; };
		8020968C227F4A5F0083FCF5 /* Player.cpp */ = {isa = PBXFileReference; lastKnownFileType = sourcecode.cpp.cpp; path = Player.cpp; sourceTree = "<group>"; };
		8020968D227F4A5F0083FCF5 /* Player.hpp */ = {isa = PBXFileReference; lastKnownFileType = sourcecode.cpp.h; path = Player.hpp; sourceTree = "<group>"; };
		80ACC8402279548000948569 /* Group.hpp */ = {isa = PBXFileReference; lastKnownFileType = sourcecode.cpp.h; path = Group.hpp; sourceTree = "<group>"; };
		80ACC8412279562600948569 /* Group.cpp */ = {isa = PBXFileReference; lastKnownFileType = sourcecode.cpp.cpp; path = Group.cpp; sourceTree = "<group>"; };
/* End PBXFileReference section */

/* Begin PBXFrameworksBuildPhase section */
		8019960422765F2700C15F7D /* Frameworks */ = {
			isa = PBXFrameworksBuildPhase;
			buildActionMask = 2147483647;
			files = (
			);
			runOnlyForDeploymentPostprocessing = 0;
		};
/* End PBXFrameworksBuildPhase section */

/* Begin PBXGroup section */
		801995FE22765F2700C15F7D = {
			isa = PBXGroup;
			children = (
				8019960A22765F2700C15F7D /* ungroup_sfml */,
				8019960922765F2700C15F7D /* Products */,
			);
			sourceTree = "<group>";
		};
		8019960922765F2700C15F7D /* Products */ = {
			isa = PBXGroup;
			children = (
				8019960822765F2700C15F7D /* ungroup_sfml.app */,
			);
			name = Products;
			sourceTree = "<group>";
		};
		8019960A22765F2700C15F7D /* ungroup_sfml */ = {
			isa = PBXGroup;
			children = (
				8019960D22765F2700C15F7D /* ResourcePath.mm */,
				8019960F22765F2700C15F7D /* ResourcePath.hpp */,
				8019961022765F2700C15F7D /* main.cpp */,
				80ACC8402279548000948569 /* Group.hpp */,
				80ACC8412279562600948569 /* Group.cpp */,
				8020968C227F4A5F0083FCF5 /* Player.cpp */,
				8020968D227F4A5F0083FCF5 /* Player.hpp */,
				8002CAEB2282C1A30041E463 /* util.cpp */,
				8002CAEC2282C1A30041E463 /* util.hpp */,
				8019960B22765F2700C15F7D /* Supporting Files */,
			);
			path = ungroup_sfml;
			sourceTree = "<group>";
		};
		8019960B22765F2700C15F7D /* Supporting Files */ = {
			isa = PBXGroup;
			children = (
				8019961222765F2700C15F7D /* Resources */,
				8019960C22765F2700C15F7D /* ungroup_sfml-Info.plist */,
			);
			name = "Supporting Files";
			sourceTree = "<group>";
		};
		8019961222765F2700C15F7D /* Resources */ = {
			isa = PBXGroup;
			children = (
				8019961322765F2700C15F7D /* cute_image.jpg */,
				8019961522765F2700C15F7D /* nice_music.ogg */,
				8019961722765F2700C15F7D /* sansation.ttf */,
				8019961922765F2700C15F7D /* icon.png */,
			);
			name = Resources;
			sourceTree = "<group>";
		};
/* End PBXGroup section */

/* Begin PBXNativeTarget section */
		8019960722765F2700C15F7D /* ungroup_sfml */ = {
			isa = PBXNativeTarget;
			buildConfigurationList = 8019961D22765F2700C15F7D /* Build configuration list for PBXNativeTarget "ungroup_sfml" */;
			buildPhases = (
				8019960322765F2700C15F7D /* Sources */,
				8019960422765F2700C15F7D /* Frameworks */,
				8019960522765F2700C15F7D /* Resources */,
				8019960622765F2700C15F7D /* ShellScript */,
			);
			buildRules = (
			);
			dependencies = (
			);
			name = ungroup_sfml;
			productName = ungroup_sfml;
			productReference = 8019960822765F2700C15F7D /* ungroup_sfml.app */;
			productType = "com.apple.product-type.application";
		};
/* End PBXNativeTarget section */

/* Begin PBXProject section */
		801995FF22765F2700C15F7D /* Project object */ = {
			isa = PBXProject;
			attributes = {
				LastUpgradeCheck = 1020;
				ORGANIZATIONNAME = "Souren Papazian";
				TargetAttributes = {
					8019960722765F2700C15F7D = {
						CreatedOnToolsVersion = 10.2;
					};
				};
			};
			buildConfigurationList = 8019960222765F2700C15F7D /* Build configuration list for PBXProject "ungroup_sfml" */;
			compatibilityVersion = "Xcode 9.3";
			developmentRegion = en;
			hasScannedForEncodings = 0;
			knownRegions = (
				en,
			);
			mainGroup = 801995FE22765F2700C15F7D;
			productRefGroup = 8019960922765F2700C15F7D /* Products */;
			projectDirPath = "";
			projectRoot = "";
			targets = (
				8019960722765F2700C15F7D /* ungroup_sfml */,
			);
		};
/* End PBXProject section */

/* Begin PBXResourcesBuildPhase section */
		8019960522765F2700C15F7D /* Resources */ = {
			isa = PBXResourcesBuildPhase;
			buildActionMask = 2147483647;
			files = (
				8019961A22765F2700C15F7D /* icon.png in Resources */,
				8019961822765F2700C15F7D /* sansation.ttf in Resources */,
				8019961622765F2700C15F7D /* nice_music.ogg in Resources */,
				8019961422765F2700C15F7D /* cute_image.jpg in Resources */,
			);
			runOnlyForDeploymentPostprocessing = 0;
		};
/* End PBXResourcesBuildPhase section */

/* Begin PBXShellScriptBuildPhase section */
		8019960622765F2700C15F7D /* ShellScript */ = {
			isa = PBXShellScriptBuildPhase;
			buildActionMask = 2147483647;
			files = (
			);
			inputFileListPaths = (
			);
			inputPaths = (
			);
			outputFileListPaths = (
			);
			outputPaths = (
			);
			runOnlyForDeploymentPostprocessing = 0;
			shellPath = /bin/sh;
			shellScript = "# This shell script simply copies required SFML dylibs/frameworks into the application bundle frameworks folder.\n# If you're using static libraries (which is not recommended) you should remove this script from your project.\n\n# SETTINGS\nSFML_DEPENDENCIES_INSTALL_PREFIX=\"/Library/Frameworks\"\nCMAKE_INSTALL_FRAMEWORK_PREFIX=\"/Library/Frameworks\"\nCMAKE_INSTALL_LIB_PREFIX=\"/Library/Frameworks/lib\"\nFRAMEWORKS_FULL_PATH=\"$BUILT_PRODUCTS_DIR/$FRAMEWORKS_FOLDER_PATH/\"\n\n# Are we building a project that uses frameworks or dylibs?\ncase \"$SFML_BINARY_TYPE\" in\n    DYLIBS)\n        frameworks=\"false\"\n        ;;\n    *)\n        frameworks=\"true\"\n        ;;\nesac\n\n# Echoes to stderr\nerror () # $* message to display\n{\n    echo $* 1>&2\n    exit 2\n}\n\nassert () # $1 is a boolean, $2...N is an error message\n{\n    if [ $# -lt 2 ]\n    then\n        error \"Internal error in assert: not enough args\"\n    fi\n\n    if [ $1 -ne 0 ]\n    then\n        shift\n        error \"$*\"\n    fi\n}\n\nforce_remove () # $@ is some paths\n{\n    test $# -ge 1\n    assert $? \"force_remove() requires at least one parameter\"\n    rm -fr $@\n    assert $? \"couldn't remove $@\"\n}\n\ncopy () # $1 is a source, $2 is a destination\n{\n    test $# -eq 2\n    assert $? \"copy() requires two parameters\"\n    ditto \"$1\" \"$2\"\n    assert $? \"couldn't copy $1 to $2\"\n}\n\nrequire () # $1 is a SFML module like 'system' or 'audio'\n{\n    dest=\"$BUILT_PRODUCTS_DIR/$FRAMEWORKS_FOLDER_PATH/\"\n\n    if [ -z \"$1\" ]\n    then\n        error \"require() requires one parameter!\"\n    else\n        # clean potentially old stuff\n        force_remove \"$dest/libsfml-$1\"*\n        force_remove \"$dest/sfml-$1.framework\"\n\n        # copy SFML libraries\n        if [ \"$frameworks\" = \"true\" ]\n        then\n            source=\"$CMAKE_INSTALL_FRAMEWORK_PREFIX/sfml-$1.framework\"\n            target=\"sfml-$1.framework\"\n        elif [ \"$SFML_LINK_DYLIBS_SUFFIX\" = \"-d\" ]\n        then\n            source=\"$CMAKE_INSTALL_LIB_PREFIX/libsfml-$1-d.dylib\"\n            target=\"`readlink $source`\"\n        else\n            source=\"$CMAKE_INSTALL_LIB_PREFIX/libsfml-$1.dylib\"\n            target=\"`readlink $source`\"\n        fi\n\n        copy \"$source\" \"$dest/$target\"\n\n        # copy extra dependencies\n        if [ \"$1\" = \"audio\" ]\n        then\n            # copy \"FLAC\" \"ogg\" \"vorbis\" \"vorbisenc\" \"vorbisfile\" \"OpenAL\" frameworks too\n            for f in \"FLAC\" \"ogg\" \"vorbis\" \"vorbisenc\" \"vorbisfile\" \"OpenAL\"\n            do\n                copy \"$SFML_DEPENDENCIES_INSTALL_PREFIX/$f.framework\" \"$dest/$f.framework\"\n            done\n        elif [ \"$1\" = \"graphics\" ]\n        then\n            copy \"$SFML_DEPENDENCIES_INSTALL_PREFIX/freetype.framework\" \"$dest/freetype.framework\"\n        fi\n    fi\n}\n\nif [ -n \"$SFML_SYSTEM\" ]\nthen\n    require \"system\"\nfi\n\nif [ -n \"$SFML_AUDIO\" ]\nthen\n    require \"audio\"\nfi\n\nif [ -n \"$SFML_NETWORK\" ]\nthen\n    require \"network\"\nfi\n\nif [ -n \"$SFML_WINDOW\" ]\nthen\n    require \"window\"\nfi\n\nif [ -n \"$SFML_GRAPHICS\" ]\nthen\n    require \"graphics\"\nfi\n\n                \n";
		};
/* End PBXShellScriptBuildPhase section */

/* Begin PBXSourcesBuildPhase section */
		8019960322765F2700C15F7D /* Sources */ = {
			isa = PBXSourcesBuildPhase;
			buildActionMask = 2147483647;
			files = (
				8020968E227F4A5F0083FCF5 /* Player.cpp in Sources */,
				80ACC8422279562600948569 /* Group.cpp in Sources */,
				8019961122765F2700C15F7D /* main.cpp in Sources */,
				8002CAED2282C1A30041E463 /* util.cpp in Sources */,
				8019960E22765F2700C15F7D /* ResourcePath.mm in Sources */,
			);
			runOnlyForDeploymentPostprocessing = 0;
		};
/* End PBXSourcesBuildPhase section */

/* Begin XCBuildConfiguration section */
		8019961B22765F2700C15F7D /* Debug */ = {
			isa = XCBuildConfiguration;
			buildSettings = {
				ARCHS = "$(NATIVE_ARCH_ACTUAL)";
				CLANG_CXX_LANGUAGE_STANDARD = "c++11";
				CLANG_CXX_LIBRARY = "libc++";
				FRAMEWORK_SEARCH_PATHS = (
					/Library/Frameworks/,
					"$(inherited)",
				);
				GCC_VERSION = com.apple.compilers.llvm.clang.1_0;
				HEADER_SEARCH_PATHS = (
					/usr/local/include/,
					"$(inherited)",
				);
				LIBRARY_SEARCH_PATHS = (
					/usr/local/lib/,
					"$(inherited)",
				);
				MACOSX_DEPLOYMENT_TARGET = 10.7;
				OTHER_LDFLAGS = (
					"$(inherited)",
					"$(SFML_SYSTEM)",
					"$(SFML_WINDOW)",
					"$(SFML_GRAPHICS)",
					"$(SFML_AUDIO)",
					"$(SFML_NETWORK)",
				);
				SFML_AUDIO = "$(SFML_LINK_PREFIX) sfml-audio$(SFML_LINK_SUFFIX)";
				SFML_BINARY_TYPE = FRAMEWORKS;
				SFML_GRAPHICS = "$(SFML_LINK_PREFIX) sfml-graphics$(SFML_LINK_SUFFIX)";
				SFML_LINK_DYLIBS_PREFIX = "-l";
				SFML_LINK_DYLIBS_SUFFIX = "";
				SFML_LINK_FRAMEWORKS_PREFIX = "-framework";
				SFML_LINK_FRAMEWORKS_SUFFIX = "";
				SFML_LINK_PREFIX = "$(SFML_LINK_$(SFML_BINARY_TYPE)_PREFIX)";
				SFML_LINK_SUFFIX = "$(SFML_LINK_$(SFML_BINARY_TYPE)_SUFFIX)";
				SFML_NETWORK = "$(SFML_LINK_PREFIX) sfml-network$(SFML_LINK_SUFFIX)";
				SFML_SYSTEM = "$(SFML_LINK_PREFIX) sfml-system$(SFML_LINK_SUFFIX)";
				SFML_WINDOW = "$(SFML_LINK_PREFIX) sfml-window$(SFML_LINK_SUFFIX)";
				SUPPORTED_PLATFORMS = macosx;
			};
			name = Debug;
		};
		8019961C22765F2700C15F7D /* Release */ = {
			isa = XCBuildConfiguration;
			buildSettings = {
				ARCHS = "$(NATIVE_ARCH_ACTUAL)";
				CLANG_CXX_LANGUAGE_STANDARD = "c++11";
				CLANG_CXX_LIBRARY = "libc++";
				FRAMEWORK_SEARCH_PATHS = (
					/Library/Frameworks/,
					"$(inherited)",
				);
				GCC_VERSION = com.apple.compilers.llvm.clang.1_0;
				HEADER_SEARCH_PATHS = (
					/usr/local/include/,
					"$(inherited)",
				);
				LIBRARY_SEARCH_PATHS = (
					/usr/local/lib/,
					"$(inherited)",
				);
				MACOSX_DEPLOYMENT_TARGET = 10.7;
				OTHER_LDFLAGS = (
					"$(inherited)",
					"$(SFML_SYSTEM)",
					"$(SFML_WINDOW)",
					"$(SFML_GRAPHICS)",
					"$(SFML_AUDIO)",
					"$(SFML_NETWORK)",
				);
				SFML_AUDIO = "$(SFML_LINK_PREFIX) sfml-audio$(SFML_LINK_SUFFIX)";
				SFML_BINARY_TYPE = FRAMEWORKS;
				SFML_GRAPHICS = "$(SFML_LINK_PREFIX) sfml-graphics$(SFML_LINK_SUFFIX)";
				SFML_LINK_DYLIBS_PREFIX = "-l";
				SFML_LINK_DYLIBS_SUFFIX = "";
				SFML_LINK_FRAMEWORKS_PREFIX = "-framework";
				SFML_LINK_FRAMEWORKS_SUFFIX = "";
				SFML_LINK_PREFIX = "$(SFML_LINK_$(SFML_BINARY_TYPE)_PREFIX)";
				SFML_LINK_SUFFIX = "$(SFML_LINK_$(SFML_BINARY_TYPE)_SUFFIX)";
				SFML_NETWORK = "$(SFML_LINK_PREFIX) sfml-network$(SFML_LINK_SUFFIX)";
				SFML_SYSTEM = "$(SFML_LINK_PREFIX) sfml-system$(SFML_LINK_SUFFIX)";
				SFML_WINDOW = "$(SFML_LINK_PREFIX) sfml-window$(SFML_LINK_SUFFIX)";
				SUPPORTED_PLATFORMS = macosx;
			};
			name = Release;
		};
		8019961E22765F2700C15F7D /* Debug */ = {
			isa = XCBuildConfiguration;
			buildSettings = {
				CODE_SIGN_STYLE = Automatic;
				GCC_NO_COMMON_BLOCKS = NO;
				INFOPLIST_FILE = "ungroup_sfml/ungroup_sfml-Info.plist";
				LD_RUNPATH_SEARCH_PATHS = "@loader_path/../Frameworks";
				PRODUCT_NAME = "$(TARGET_NAME)";
			};
			name = Debug;
		};
		8019961F22765F2700C15F7D /* Release */ = {
			isa = XCBuildConfiguration;
			buildSettings = {
				CODE_SIGN_STYLE = Automatic;
				GCC_NO_COMMON_BLOCKS = NO;
				INFOPLIST_FILE = "ungroup_sfml/ungroup_sfml-Info.plist";
				LD_RUNPATH_SEARCH_PATHS = "@loader_path/../Frameworks";
				PRODUCT_NAME = "$(TARGET_NAME)";
			};
			name = Release;
		};
/* End XCBuildConfiguration section */

/* Begin XCConfigurationList section */
		8019960222765F2700C15F7D /* Build configuration list for PBXProject "ungroup_sfml" */ = {
			isa = XCConfigurationList;
			buildConfigurations = (
				8019961B22765F2700C15F7D /* Debug */,
				8019961C22765F2700C15F7D /* Release */,
			);
			defaultConfigurationIsVisible = 0;
			defaultConfigurationName = Release;
		};
		8019961D22765F2700C15F7D /* Build configuration list for PBXNativeTarget "ungroup_sfml" */ = {
			isa = XCConfigurationList;
			buildConfigurations = (
				8019961E22765F2700C15F7D /* Debug */,
				8019961F22765F2700C15F7D /* Release */,
			);
			defaultConfigurationIsVisible = 0;
			defaultConfigurationName = Release;
		};
/* End XCConfigurationList section */
	};
	rootObject = 801995FF22765F2700C15F7D /* Project object */;
}
